
Microsoft Visual Studio Solution File, Format Version 12.00
# Visual Studio Version 16
VisualStudioVersion = 16.0.31005.135
MinimumVisualStudioVersion = 10.0.40219.1
Project("{FAE04EC0-301F-11D3-BF4B-00C04F79EFBC}") = "Airbnb.Scraper", "Airbnb\Src\Scraper\Airbnb.Scraper.csproj", "{DB39E33B-DB84-40C9-ACF4-7348BD537420}"
EndProject
Project("{FAE04EC0-301F-11D3-BF4B-00C04F79EFBC}") = "Airbnb.ScraperTool", "Airbnb\Src\Tool\Airbnb.ScraperTool.csproj", "{643746BA-1A13-4FB7-99CD-0670AD17A01C}"
EndProject
Project("{2150E333-8FDC-42A3-9474-1A3956D46DE8}") = "Demo", "Demo", "{068E8FF5-9694-4F19-AE1D-4437744F9657}"
EndProject
Project("{FAE04EC0-301F-11D3-BF4B-00C04F79EFBC}") = "Demo", "Demo\Demo.csproj", "{9083E87F-9832-441C-9E39-01C5AA72843E}"
EndProject
Global
	GlobalSection(SolutionConfigurationPlatforms) = preSolution
		Debug|Any CPU = Debug|Any CPU
		Release|Any CPU = Release|Any CPU
	EndGlobalSection
	GlobalSection(ProjectConfigurationPlatforms) = postSolution
		{DB39E33B-DB84-40C9-ACF4-7348BD537420}.Debug|Any CPU.ActiveCfg = Debug|Any CPU
		{DB39E33B-DB84-40C9-ACF4-7348BD537420}.Debug|Any CPU.Build.0 = Debug|Any CPU
		{DB39E33B-DB84-40C9-ACF4-7348BD537420}.Release|Any CPU.ActiveCfg = Release|Any CPU
		{DB39E33B-DB84-40C9-ACF4-7348BD537420}.Release|Any CPU.Build.0 = Release|Any CPU
		{643746BA-1A13-4FB7-99CD-0670AD17A01C}.Debug|Any CPU.ActiveCfg = Debug|Any CPU
		{643746BA-1A13-4FB7-99CD-0670AD17A01C}.Debug|Any CPU.Build.0 = Debug|Any CPU
		{643746BA-1A13-4FB7-99CD-0670AD17A01C}.Release|Any CPU.ActiveCfg = Release|Any CPU
		{643746BA-1A13-4FB7-99CD-0670AD17A01C}.Release|Any CPU.Build.0 = Release|Any CPU
		{9083E87F-9832-441C-9E39-01C5AA72843E}.Debug|Any CPU.ActiveCfg = Debug|Any CPU
		{9083E87F-9832-441C-9E39-01C5AA72843E}.Debug|Any CPU.Build.0 = Debug|Any CPU
		{9083E87F-9832-441C-9E39-01C5AA72843E}.Release|Any CPU.ActiveCfg = Release|Any CPU
		{9083E87F-9832-441C-9E39-01C5AA72843E}.Release|Any CPU.Build.0 = Release|Any CPU
	EndGlobalSection
	GlobalSection(SolutionProperties) = preSolution
		HideSolutionNode = FALSE
	EndGlobalSection
	GlobalSection(NestedProjects) = preSolution
		{9083E87F-9832-441C-9E39-01C5AA72843E} = {068E8FF5-9694-4F19-AE1D-4437744F9657}
	EndGlobalSection
	GlobalSection(ExtensibilityGlobals) = postSolution
		SolutionGuid = {7E497F57-643D-4E9A-9BEB-6EE179C3A918}
	EndGlobalSection
EndGlobal
